
Microsoft Visual Studio Solution File, Format Version 12.00
# Visual Studio Version 17
VisualStudioVersion = 17.5.33424.131
MinimumVisualStudioVersion = 10.0.40219.1
Project("{FAE04EC0-301F-11D3-BF4B-00C04F79EFBC}") = "Simple Multi-Timer", "Simple Multi-Timer\Simple Multi-Timer.csproj", "{34CC4C5D-309C-4CF9-86C2-5A08C65ED45F}"
EndProject
Global
	GlobalSection(SolutionConfigurationPlatforms) = preSolution
		Debug|Any CPU = Debug|Any CPU
		Release|Any CPU = Release|Any CPU
	EndGlobalSection
	GlobalSection(ProjectConfigurationPlatforms) = postSolution
		{34CC4C5D-309C-4CF9-86C2-5A08C65ED45F}.Debug|Any CPU.ActiveCfg = Debug|Any CPU
		{34CC4C5D-309C-4CF9-86C2-5A08C65ED45F}.Debug|Any CPU.Build.0 = Debug|Any CPU
		{34CC4C5D-309C-4CF9-86C2-5A08C65ED45F}.Release|Any CPU.ActiveCfg = Release|Any CPU
		{34CC4C5D-309C-4CF9-86C2-5A08C65ED45F}.Release|Any CPU.Build.0 = Release|Any CPU
	EndGlobalSection
	GlobalSection(SolutionProperties) = preSolution
		HideSolutionNode = FALSE
	EndGlobalSection
	GlobalSection(ExtensibilityGlobals) = postSolution
		SolutionGuid = {4E743B9D-973F-40E0-AF9B-30A140CFA690}
	EndGlobalSection
EndGlobal
